{
  "lockfileVersion": 2,
  "configVersion": 1,
  "workspaces": {
    "": {
      "name": "generative-boilerplate-bun",
      "dependencies": {
        "qr-creator": "^1.0.0",
      },
    },
  },
  "packages": {
    "qr-creator": ["qr-creator@1.0.0", "", {}, "sha512-C0cqfbS1P5hfqN4NhsYsUXePlk9BO+a45bAQ3xLYjBL3bOIFzoVEjs79Fado9u9BPBD3buHi3+vY+C8tHh4qMQ=="],
  }
}
